// !$*UTF8*$!
{
	archiveVersion = 1;
	classes = {
	};
	objectVersion = 46;
	objects = {

/* Begin PBXBuildFile section */
		2200A2051A2A636700E94310 /* UploadViewController.swift in Sources */ = {isa = PBXBuildFile; fileRef = 2200A2041A2A636700E94310 /* UploadViewController.swift */; };
		2230E1701A26C74600542052 /* AppDelegate.swift in Sources */ = {isa = PBXBuildFile; fileRef = 2230E16F1A26C74600542052 /* AppDelegate.swift */; };
		2230E1741A26C74600542052 /* DetailViewController.swift in Sources */ = {isa = PBXBuildFile; fileRef = 2230E1731A26C74600542052 /* DetailViewController.swift */; };
		2230E1771A26C74600542052 /* Main.storyboard in Resources */ = {isa = PBXBuildFile; fileRef = 2230E1751A26C74600542052 /* Main.storyboard */; };
		2230E1791A26C74600542052 /* Images.xcassets in Resources */ = {isa = PBXBuildFile; fileRef = 2230E1781A26C74600542052 /* Images.xcassets */; };
		2230E17C1A26C74600542052 /* LaunchScreen.xib in Resources */ = {isa = PBXBuildFile; fileRef = 2230E17A1A26C74600542052 /* LaunchScreen.xib */; };
		2230E1881A26C74600542052 /* ExchangeOgramTests.swift in Sources */ = {isa = PBXBuildFile; fileRef = 2230E1871A26C74600542052 /* ExchangeOgramTests.swift */; };
		227BB8301A303E3B0068B391 /* Bolts.framework in Frameworks */ = {isa = PBXBuildFile; fileRef = 227BB82C1A303E3A0068B391 /* Bolts.framework */; };
		227BB8311A303E3B0068B391 /* Parse.framework in Frameworks */ = {isa = PBXBuildFile; fileRef = 227BB82D1A303E3B0068B391 /* Parse.framework */; };
		227BB8321A303E3B0068B391 /* ParseFacebookUtils.framework in Frameworks */ = {isa = PBXBuildFile; fileRef = 227BB82E1A303E3B0068B391 /* ParseFacebookUtils.framework */; };
		227BB8331A303E3B0068B391 /* ParseUI.framework in Frameworks */ = {isa = PBXBuildFile; fileRef = 227BB82F1A303E3B0068B391 /* ParseUI.framework */; };
		227BB8351A303ED70068B391 /* SystemConfiguration.framework in Frameworks */ = {isa = PBXBuildFile; fileRef = 227BB8341A303ED70068B391 /* SystemConfiguration.framework */; };
		227BB8371A303EE60068B391 /* StoreKit.framework in Frameworks */ = {isa = PBXBuildFile; fileRef = 227BB8361A303EE60068B391 /* StoreKit.framework */; };
		227BB8391A303EF80068B391 /* Security.framework in Frameworks */ = {isa = PBXBuildFile; fileRef = 227BB8381A303EF80068B391 /* Security.framework */; };
		227BB83B1A303F090068B391 /* QuartzCore.framework in Frameworks */ = {isa = PBXBuildFile; fileRef = 227BB83A1A303F090068B391 /* QuartzCore.framework */; };
		227BB83D1A303F220068B391 /* MobileCoreServices.framework in Frameworks */ = {isa = PBXBuildFile; fileRef = 227BB83C1A303F220068B391 /* MobileCoreServices.framework */; };
		227BB83F1A303F400068B391 /* libz.dylib in Frameworks */ = {isa = PBXBuildFile; fileRef = 227BB83E1A303F400068B391 /* libz.dylib */; };
		227BB8411A303F520068B391 /* CoreLocation.framework in Frameworks */ = {isa = PBXBuildFile; fileRef = 227BB8401A303F520068B391 /* CoreLocation.framework */; };
		227BB8431A303F660068B391 /* CoreGraphics.framework in Frameworks */ = {isa = PBXBuildFile; fileRef = 227BB8421A303F660068B391 /* CoreGraphics.framework */; };
		227BB8451A303F790068B391 /* CFNetwork.framework in Frameworks */ = {isa = PBXBuildFile; fileRef = 227BB8441A303F790068B391 /* CFNetwork.framework */; };
		227BB8471A303F8D0068B391 /* AudioToolbox.framework in Frameworks */ = {isa = PBXBuildFile; fileRef = 227BB8461A303F8D0068B391 /* AudioToolbox.framework */; };
		227BB84D1A3043F60068B391 /* ImageSenderViewController.swift in Sources */ = {isa = PBXBuildFile; fileRef = 227BB84C1A3043F60068B391 /* ImageSenderViewController.swift */; };
		227BB84F1A3109CA0068B391 /* TimeLineTableViewController.swift in Sources */ = {isa = PBXBuildFile; fileRef = 227BB84E1A3109CA0068B391 /* TimeLineTableViewController.swift */; };
		22D3F3D81A395C5D006FBE40 /* ContainerViewController.swift in Sources */ = {isa = PBXBuildFile; fileRef = 22D3F3D71A395C5D006FBE40 /* ContainerViewController.swift */; };
/* End PBXBuildFile section */

/* Begin PBXContainerItemProxy section */
		2230E1821A26C74600542052 /* PBXContainerItemProxy */ = {
			isa = PBXContainerItemProxy;
			containerPortal = 2230E1621A26C74600542052 /* Project object */;
			proxyType = 1;
			remoteGlobalIDString = 2230E1691A26C74600542052;
			remoteInfo = ExchangeOgram;
		};
/* End PBXContainerItemProxy section */

/* Begin PBXFileReference section */
		2200A2041A2A636700E94310 /* UploadViewController.swift */ = {isa = PBXFileReference; fileEncoding = 4; lastKnownFileType = sourcecode.swift; path = UploadViewController.swift; sourceTree = "<group>"; };
		2230E16A1A26C74600542052 /* ExchangeOgram.app */ = {isa = PBXFileReference; explicitFileType = wrapper.application; includeInIndex = 0; path = ExchangeOgram.app; sourceTree = BUILT_PRODUCTS_DIR; };
		2230E16E1A26C74600542052 /* Info.plist */ = {isa = PBXFileReference; lastKnownFileType = text.plist.xml; path = Info.plist; sourceTree = "<group>"; };
		2230E16F1A26C74600542052 /* AppDelegate.swift */ = {isa = PBXFileReference; lastKnownFileType = sourcecode.swift; path = AppDelegate.swift; sourceTree = "<group>"; };
		2230E1731A26C74600542052 /* DetailViewController.swift */ = {isa = PBXFileReference; lastKnownFileType = sourcecode.swift; path = DetailViewController.swift; sourceTree = "<group>"; };
		2230E1761A26C74600542052 /* Base */ = {isa = PBXFileReference; lastKnownFileType = file.storyboard; name = Base; path = Base.lproj/Main.storyboard; sourceTree = "<group>"; };
		2230E1781A26C74600542052 /* Images.xcassets */ = {isa = PBXFileReference; lastKnownFileType = folder.assetcatalog; path = Images.xcassets; sourceTree = "<group>"; };
		2230E17B1A26C74600542052 /* Base */ = {isa = PBXFileReference; lastKnownFileType = file.xib; name = Base; path = Base.lproj/LaunchScreen.xib; sourceTree = "<group>"; };
		2230E1811A26C74600542052 /* ExchangeOgramTests.xctest */ = {isa = PBXFileReference; explicitFileType = wrapper.cfbundle; includeInIndex = 0; path = ExchangeOgramTests.xctest; sourceTree = BUILT_PRODUCTS_DIR; };
		2230E1861A26C74600542052 /* Info.plist */ = {isa = PBXFileReference; lastKnownFileType = text.plist.xml; path = Info.plist; sourceTree = "<group>"; };
		2230E1871A26C74600542052 /* ExchangeOgramTests.swift */ = {isa = PBXFileReference; lastKnownFileType = sourcecode.swift; path = ExchangeOgramTests.swift; sourceTree = "<group>"; };
		227BB82C1A303E3A0068B391 /* Bolts.framework */ = {isa = PBXFileReference; lastKnownFileType = wrapper.framework; path = Bolts.framework; sourceTree = "<group>"; };
		227BB82D1A303E3B0068B391 /* Parse.framework */ = {isa = PBXFileReference; lastKnownFileType = wrapper.framework; path = Parse.framework; sourceTree = "<group>"; };
		227BB82E1A303E3B0068B391 /* ParseFacebookUtils.framework */ = {isa = PBXFileReference; lastKnownFileType = wrapper.framework; path = ParseFacebookUtils.framework; sourceTree = "<group>"; };
		227BB82F1A303E3B0068B391 /* ParseUI.framework */ = {isa = PBXFileReference; lastKnownFileType = wrapper.framework; path = ParseUI.framework; sourceTree = "<group>"; };
		227BB8341A303ED70068B391 /* SystemConfiguration.framework */ = {isa = PBXFileReference; lastKnownFileType = wrapper.framework; name = SystemConfiguration.framework; path = System/Library/Frameworks/SystemConfiguration.framework; sourceTree = SDKROOT; };
		227BB8361A303EE60068B391 /* StoreKit.framework */ = {isa = PBXFileReference; lastKnownFileType = wrapper.framework; name = StoreKit.framework; path = System/Library/Frameworks/StoreKit.framework; sourceTree = SDKROOT; };
		227BB8381A303EF80068B391 /* Security.framework */ = {isa = PBXFileReference; lastKnownFileType = wrapper.framework; name = Security.framework; path = System/Library/Frameworks/Security.framework; sourceTree = SDKROOT; };
		227BB83A1A303F090068B391 /* QuartzCore.framework */ = {isa = PBXFileReference; lastKnownFileType = wrapper.framework; name = QuartzCore.framework; path = System/Library/Frameworks/QuartzCore.framework; sourceTree = SDKROOT; };
		227BB83C1A303F220068B391 /* MobileCoreServices.framework */ = {isa = PBXFileReference; lastKnownFileType = wrapper.framework; name = MobileCoreServices.framework; path = System/Library/Frameworks/MobileCoreServices.framework; sourceTree = SDKROOT; };
		227BB83E1A303F400068B391 /* libz.dylib */ = {isa = PBXFileReference; lastKnownFileType = "compiled.mach-o.dylib"; name = libz.dylib; path = usr/lib/libz.dylib; sourceTree = SDKROOT; };
		227BB8401A303F520068B391 /* CoreLocation.framework */ = {isa = PBXFileReference; lastKnownFileType = wrapper.framework; name = CoreLocation.framework; path = System/Library/Frameworks/CoreLocation.framework; sourceTree = SDKROOT; };
		227BB8421A303F660068B391 /* CoreGraphics.framework */ = {isa = PBXFileReference; lastKnownFileType = wrapper.framework; name = CoreGraphics.framework; path = System/Library/Frameworks/CoreGraphics.framework; sourceTree = SDKROOT; };
		227BB8441A303F790068B391 /* CFNetwork.framework */ = {isa = PBXFileReference; lastKnownFileType = wrapper.framework; name = CFNetwork.framework; path = System/Library/Frameworks/CFNetwork.framework; sourceTree = SDKROOT; };
		227BB8461A303F8D0068B391 /* AudioToolbox.framework */ = {isa = PBXFileReference; lastKnownFileType = wrapper.framework; name = AudioToolbox.framework; path = System/Library/Frameworks/AudioToolbox.framework; sourceTree = SDKROOT; };
		227BB8481A3040040068B391 /* ExchangeOgram-Bridging-Header.h */ = {isa = PBXFileReference; lastKnownFileType = sourcecode.c.h; path = "ExchangeOgram-Bridging-Header.h"; sourceTree = "<group>"; };
		227BB84C1A3043F60068B391 /* ImageSenderViewController.swift */ = {isa = PBXFileReference; fileEncoding = 4; lastKnownFileType = sourcecode.swift; path = ImageSenderViewController.swift; sourceTree = "<group>"; };
		227BB84E1A3109CA0068B391 /* TimeLineTableViewController.swift */ = {isa = PBXFileReference; fileEncoding = 4; lastKnownFileType = sourcecode.swift; path = TimeLineTableViewController.swift; sourceTree = "<group>"; };
		22D3F3D71A395C5D006FBE40 /* ContainerViewController.swift */ = {isa = PBXFileReference; fileEncoding = 4; lastKnownFileType = sourcecode.swift; path = ContainerViewController.swift; sourceTree = "<group>"; };
/* End PBXFileReference section */

/* Begin PBXFrameworksBuildPhase section */
		2230E1671A26C74600542052 /* Frameworks */ = {
			isa = PBXFrameworksBuildPhase;
			buildActionMask = 2147483647;
			files = (
				227BB8471A303F8D0068B391 /* AudioToolbox.framework in Frameworks */,
				227BB8451A303F790068B391 /* CFNetwork.framework in Frameworks */,
				227BB8431A303F660068B391 /* CoreGraphics.framework in Frameworks */,
				227BB8411A303F520068B391 /* CoreLocation.framework in Frameworks */,
				227BB83F1A303F400068B391 /* libz.dylib in Frameworks */,
				227BB83D1A303F220068B391 /* MobileCoreServices.framework in Frameworks */,
				227BB83B1A303F090068B391 /* QuartzCore.framework in Frameworks */,
				227BB8391A303EF80068B391 /* Security.framework in Frameworks */,
				227BB8371A303EE60068B391 /* StoreKit.framework in Frameworks */,
				227BB8351A303ED70068B391 /* SystemConfiguration.framework in Frameworks */,
				227BB8311A303E3B0068B391 /* Parse.framework in Frameworks */,
				227BB8301A303E3B0068B391 /* Bolts.framework in Frameworks */,
				227BB8331A303E3B0068B391 /* ParseUI.framework in Frameworks */,
				227BB8321A303E3B0068B391 /* ParseFacebookUtils.framework in Frameworks */,
			);
			runOnlyForDeploymentPostprocessing = 0;
		};
		2230E17E1A26C74600542052 /* Frameworks */ = {
			isa = PBXFrameworksBuildPhase;
			buildActionMask = 2147483647;
			files = (
			);
			runOnlyForDeploymentPostprocessing = 0;
		};
/* End PBXFrameworksBuildPhase section */

/* Begin PBXGroup section */
		2230E1611A26C74600542052 = {
			isa = PBXGroup;
			children = (
				22D3F3D71A395C5D006FBE40 /* ContainerViewController.swift */,
				2230E16C1A26C74600542052 /* ExchangeOgram */,
				2230E1841A26C74600542052 /* ExchangeOgramTests */,
				2230E16B1A26C74600542052 /* Products */,
			);
			sourceTree = "<group>";
		};
		2230E16B1A26C74600542052 /* Products */ = {
			isa = PBXGroup;
			children = (
				2230E16A1A26C74600542052 /* ExchangeOgram.app */,
				2230E1811A26C74600542052 /* ExchangeOgramTests.xctest */,
			);
			name = Products;
			sourceTree = "<group>";
		};
		2230E16C1A26C74600542052 /* ExchangeOgram */ = {
			isa = PBXGroup;
			children = (
				2230E16F1A26C74600542052 /* AppDelegate.swift */,
				2230E1731A26C74600542052 /* DetailViewController.swift */,
				227BB84C1A3043F60068B391 /* ImageSenderViewController.swift */,
				2230E1751A26C74600542052 /* Main.storyboard */,
				2200A2041A2A636700E94310 /* UploadViewController.swift */,
				227BB84E1A3109CA0068B391 /* TimeLineTableViewController.swift */,
				2230E1781A26C74600542052 /* Images.xcassets */,
				2230E17A1A26C74600542052 /* LaunchScreen.xib */,
				227BB82B1A303E080068B391 /* Libraries */,
				2230E16D1A26C74600542052 /* Supporting Files */,
				227BB8481A3040040068B391 /* ExchangeOgram-Bridging-Header.h */,
			);
			path = ExchangeOgram;
			sourceTree = "<group>";
		};
		2230E16D1A26C74600542052 /* Supporting Files */ = {
			isa = PBXGroup;
			children = (
				2230E16E1A26C74600542052 /* Info.plist */,
			);
			name = "Supporting Files";
			sourceTree = "<group>";
		};
		2230E1841A26C74600542052 /* ExchangeOgramTests */ = {
			isa = PBXGroup;
			children = (
				2230E1871A26C74600542052 /* ExchangeOgramTests.swift */,
				2230E1851A26C74600542052 /* Supporting Files */,
			);
			path = ExchangeOgramTests;
			sourceTree = "<group>";
		};
		2230E1851A26C74600542052 /* Supporting Files */ = {
			isa = PBXGroup;
			children = (
				2230E1861A26C74600542052 /* Info.plist */,
			);
			name = "Supporting Files";
			sourceTree = "<group>";
		};
		227BB82B1A303E080068B391 /* Libraries */ = {
			isa = PBXGroup;
			children = (
				227BB8461A303F8D0068B391 /* AudioToolbox.framework */,
				227BB8441A303F790068B391 /* CFNetwork.framework */,
				227BB8421A303F660068B391 /* CoreGraphics.framework */,
				227BB8401A303F520068B391 /* CoreLocation.framework */,
				227BB83E1A303F400068B391 /* libz.dylib */,
				227BB83C1A303F220068B391 /* MobileCoreServices.framework */,
				227BB83A1A303F090068B391 /* QuartzCore.framework */,
				227BB8381A303EF80068B391 /* Security.framework */,
				227BB8361A303EE60068B391 /* StoreKit.framework */,
				227BB8341A303ED70068B391 /* SystemConfiguration.framework */,
				227BB82C1A303E3A0068B391 /* Bolts.framework */,
				227BB82D1A303E3B0068B391 /* Parse.framework */,
				227BB82E1A303E3B0068B391 /* ParseFacebookUtils.framework */,
				227BB82F1A303E3B0068B391 /* ParseUI.framework */,
			);
			name = Libraries;
			sourceTree = "<group>";
		};
/* End PBXGroup section */

/* Begin PBXNativeTarget section */
		2230E1691A26C74600542052 /* ExchangeOgram */ = {
			isa = PBXNativeTarget;
			buildConfigurationList = 2230E18B1A26C74600542052 /* Build configuration list for PBXNativeTarget "ExchangeOgram" */;
			buildPhases = (
				2230E1661A26C74600542052 /* Sources */,
				2230E1671A26C74600542052 /* Frameworks */,
				2230E1681A26C74600542052 /* Resources */,
			);
			buildRules = (
			);
			dependencies = (
			);
			name = ExchangeOgram;
			productName = ExchangeOgram;
			productReference = 2230E16A1A26C74600542052 /* ExchangeOgram.app */;
			productType = "com.apple.product-type.application";
		};
		2230E1801A26C74600542052 /* ExchangeOgramTests */ = {
			isa = PBXNativeTarget;
			buildConfigurationList = 2230E18E1A26C74600542052 /* Build configuration list for PBXNativeTarget "ExchangeOgramTests" */;
			buildPhases = (
				2230E17D1A26C74600542052 /* Sources */,
				2230E17E1A26C74600542052 /* Frameworks */,
				2230E17F1A26C74600542052 /* Resources */,
			);
			buildRules = (
			);
			dependencies = (
				2230E1831A26C74600542052 /* PBXTargetDependency */,
			);
			name = ExchangeOgramTests;
			productName = ExchangeOgramTests;
			productReference = 2230E1811A26C74600542052 /* ExchangeOgramTests.xctest */;
			productType = "com.apple.product-type.bundle.unit-test";
		};
/* End PBXNativeTarget section */

/* Begin PBXProject section */
		2230E1621A26C74600542052 /* Project object */ = {
			isa = PBXProject;
			attributes = {
				LastUpgradeCheck = 0610;
				ORGANIZATIONNAME = "Beyond 2021";
				TargetAttributes = {
					2230E1691A26C74600542052 = {
						CreatedOnToolsVersion = 6.1;
					};
					2230E1801A26C74600542052 = {
						CreatedOnToolsVersion = 6.1;
						TestTargetID = 2230E1691A26C74600542052;
					};
				};
			};
			buildConfigurationList = 2230E1651A26C74600542052 /* Build configuration list for PBXProject "ExchangeOgram" */;
			compatibilityVersion = "Xcode 3.2";
			developmentRegion = English;
			hasScannedForEncodings = 0;
			knownRegions = (
				en,
				Base,
			);
			mainGroup = 2230E1611A26C74600542052;
			productRefGroup = 2230E16B1A26C74600542052 /* Products */;
			projectDirPath = "";
			projectRoot = "";
			targets = (
				2230E1691A26C74600542052 /* ExchangeOgram */,
				2230E1801A26C74600542052 /* ExchangeOgramTests */,
			);
		};
/* End PBXProject section */

/* Begin PBXResourcesBuildPhase section */
		2230E1681A26C74600542052 /* Resources */ = {
			isa = PBXResourcesBuildPhase;
			buildActionMask = 2147483647;
			files = (
				2230E1771A26C74600542052 /* Main.storyboard in Resources */,
				2230E17C1A26C74600542052 /* LaunchScreen.xib in Resources */,
				2230E1791A26C74600542052 /* Images.xcassets in Resources */,
			);
			runOnlyForDeploymentPostprocessing = 0;
		};
		2230E17F1A26C74600542052 /* Resources */ = {
			isa = PBXResourcesBuildPhase;
			buildActionMask = 2147483647;
			files = (
			);
			runOnlyForDeploymentPostprocessing = 0;
		};
/* End PBXResourcesBuildPhase section */

/* Begin PBXSourcesBuildPhase section */
		2230E1661A26C74600542052 /* Sources */ = {
			isa = PBXSourcesBuildPhase;
			buildActionMask = 2147483647;
			files = (
				2230E1741A26C74600542052 /* DetailViewController.swift in Sources */,
				22D3F3D81A395C5D006FBE40 /* ContainerViewController.swift in Sources */,
				227BB84D1A3043F60068B391 /* ImageSenderViewController.swift in Sources */,
				227BB84F1A3109CA0068B391 /* TimeLineTableViewController.swift in Sources */,
				2200A2051A2A636700E94310 /* UploadViewController.swift in Sources */,
				2230E1701A26C74600542052 /* AppDelegate.swift in Sources */,
			);
			runOnlyForDeploymentPostprocessing = 0;
		};
		2230E17D1A26C74600542052 /* Sources */ = {
			isa = PBXSourcesBuildPhase;
			buildActionMask = 2147483647;
			files = (
				2230E1881A26C74600542052 /* ExchangeOgramTests.swift in Sources */,
			);
			runOnlyForDeploymentPostprocessing = 0;
		};
/* End PBXSourcesBuildPhase section */

/* Begin PBXTargetDependency section */
		2230E1831A26C74600542052 /* PBXTargetDependency */ = {
			isa = PBXTargetDependency;
			target = 2230E1691A26C74600542052 /* ExchangeOgram */;
			targetProxy = 2230E1821A26C74600542052 /* PBXContainerItemProxy */;
		};
/* End PBXTargetDependency section */

/* Begin PBXVariantGroup section */
		2230E1751A26C74600542052 /* Main.storyboard */ = {
			isa = PBXVariantGroup;
			children = (
				2230E1761A26C74600542052 /* Base */,
			);
			name = Main.storyboard;
			sourceTree = "<group>";
		};
		2230E17A1A26C74600542052 /* LaunchScreen.xib */ = {
			isa = PBXVariantGroup;
			children = (
				2230E17B1A26C74600542052 /* Base */,
			);
			name = LaunchScreen.xib;
			sourceTree = "<group>";
		};
/* End PBXVariantGroup section */

/* Begin XCBuildConfiguration section */
		2230E1891A26C74600542052 /* Debug */ = {
			isa = XCBuildConfiguration;
			buildSettings = {
				ALWAYS_SEARCH_USER_PATHS = NO;
				CLANG_CXX_LANGUAGE_STANDARD = "gnu++0x";
				CLANG_CXX_LIBRARY = "libc++";
				CLANG_ENABLE_MODULES = YES;
				CLANG_ENABLE_OBJC_ARC = YES;
				CLANG_WARN_BOOL_CONVERSION = YES;
				CLANG_WARN_CONSTANT_CONVERSION = YES;
				CLANG_WARN_DIRECT_OBJC_ISA_USAGE = YES_ERROR;
				CLANG_WARN_EMPTY_BODY = YES;
				CLANG_WARN_ENUM_CONVERSION = YES;
				CLANG_WARN_INT_CONVERSION = YES;
				CLANG_WARN_OBJC_ROOT_CLASS = YES_ERROR;
				CLANG_WARN_UNREACHABLE_CODE = YES;
				CLANG_WARN__DUPLICATE_METHOD_MATCH = YES;
				"CODE_SIGN_IDENTITY[sdk=iphoneos*]" = "iPhone Developer";
				COPY_PHASE_STRIP = NO;
				ENABLE_STRICT_OBJC_MSGSEND = YES;
				GCC_C_LANGUAGE_STANDARD = gnu99;
				GCC_DYNAMIC_NO_PIC = NO;
				GCC_OPTIMIZATION_LEVEL = 0;
				GCC_PREPROCESSOR_DEFINITIONS = (
					"DEBUG=1",
					"$(inherited)",
				);
				GCC_SYMBOLS_PRIVATE_EXTERN = NO;
				GCC_WARN_64_TO_32_BIT_CONVERSION = YES;
				GCC_WARN_ABOUT_RETURN_TYPE = YES_ERROR;
				GCC_WARN_UNDECLARED_SELECTOR = YES;
				GCC_WARN_UNINITIALIZED_AUTOS = YES_AGGRESSIVE;
				GCC_WARN_UNUSED_FUNCTION = YES;
				GCC_WARN_UNUSED_VARIABLE = YES;
				IPHONEOS_DEPLOYMENT_TARGET = 8.1;
				MTL_ENABLE_DEBUG_INFO = YES;
				ONLY_ACTIVE_ARCH = YES;
				SDKROOT = iphoneos;
				SWIFT_OPTIMIZATION_LEVEL = "-Onone";
				TARGETED_DEVICE_FAMILY = "1,2";
			};
			name = Debug;
		};
		2230E18A1A26C74600542052 /* Release */ = {
			isa = XCBuildConfiguration;
			buildSettings = {
				ALWAYS_SEARCH_USER_PATHS = NO;
				CLANG_CXX_LANGUAGE_STANDARD = "gnu++0x";
				CLANG_CXX_LIBRARY = "libc++";
				CLANG_ENABLE_MODULES = YES;
				CLANG_ENABLE_OBJC_ARC = YES;
				CLANG_WARN_BOOL_CONVERSION = YES;
				CLANG_WARN_CONSTANT_CONVERSION = YES;
				CLANG_WARN_DIRECT_OBJC_ISA_USAGE = YES_ERROR;
				CLANG_WARN_EMPTY_BODY = YES;
				CLANG_WARN_ENUM_CONVERSION = YES;
				CLANG_WARN_INT_CONVERSION = YES;
				CLANG_WARN_OBJC_ROOT_CLASS = YES_ERROR;
				CLANG_WARN_UNREACHABLE_CODE = YES;
				CLANG_WARN__DUPLICATE_METHOD_MATCH = YES;
				"CODE_SIGN_IDENTITY[sdk=iphoneos*]" = "iPhone Developer";
				COPY_PHASE_STRIP = YES;
				ENABLE_NS_ASSERTIONS = NO;
				ENABLE_STRICT_OBJC_MSGSEND = YES;
				GCC_C_LANGUAGE_STANDARD = gnu99;
				GCC_WARN_64_TO_32_BIT_CONVERSION = YES;
				GCC_WARN_ABOUT_RETURN_TYPE = YES_ERROR;
				GCC_WARN_UNDECLARED_SELECTOR = YES;
				GCC_WARN_UNINITIALIZED_AUTOS = YES_AGGRESSIVE;
				GCC_WARN_UNUSED_FUNCTION = YES;
				GCC_WARN_UNUSED_VARIABLE = YES;
				IPHONEOS_DEPLOYMENT_TARGET = 8.1;
				MTL_ENABLE_DEBUG_INFO = NO;
				SDKROOT = iphoneos;
				TARGETED_DEVICE_FAMILY = "1,2";
				VALIDATE_PRODUCT = YES;
			};
			name = Release;
		};
		2230E18C1A26C74600542052 /* Debug */ = {
			isa = XCBuildConfiguration;
			buildSettings = {
				ASSETCATALOG_COMPILER_APPICON_NAME = AppIcon;
				CLANG_ENABLE_MODULES = YES;
				FRAMEWORK_SEARCH_PATHS = (
					"$(inherited)",
					"$(PROJECT_DIR)/ExchangeOgram",
				);
				INFOPLIST_FILE = ExchangeOgram/Info.plist;
				IPHONEOS_DEPLOYMENT_TARGET = 8.0;
				LD_RUNPATH_SEARCH_PATHS = "$(inherited) @executable_path/Frameworks";
				PRODUCT_NAME = "$(TARGET_NAME)";
				SWIFT_OBJC_BRIDGING_HEADER = "ExchangeOgram/ExchangeOgram-Bridging-Header.h";
				SWIFT_OPTIMIZATION_LEVEL = "-Onone";
			};
			name = Debug;
		};
		2230E18D1A26C74600542052 /* Release */ = {
			isa = XCBuildConfiguration;
			buildSettings = {
				ASSETCATALOG_COMPILER_APPICON_NAME = AppIcon;
				CLANG_ENABLE_MODULES = YES;
				FRAMEWORK_SEARCH_PATHS = (
					"$(inherited)",
					"$(PROJECT_DIR)/ExchangeOgram",
				);
				INFOPLIST_FILE = ExchangeOgram/Info.plist;
				IPHONEOS_DEPLOYMENT_TARGET = 8.0;
				LD_RUNPATH_SEARCH_PATHS = "$(inherited) @executable_path/Frameworks";
				PRODUCT_NAME = "$(TARGET_NAME)";
				SWIFT_OBJC_BRIDGING_HEADER = "ExchangeOgram/ExchangeOgram-Bridging-Header.h";
			};
			name = Release;
		};
		2230E18F1A26C74600542052 /* Debug */ = {
			isa = XCBuildConfiguration;
			buildSettings = {
				BUNDLE_LOADER = "$(TEST_HOST)";
				FRAMEWORK_SEARCH_PATHS = (
					"$(SDKROOT)/Developer/Library/Frameworks",
					"$(inherited)",
				);
				GCC_PREPROCESSOR_DEFINITIONS = (
					"DEBUG=1",
					"$(inherited)",
				);
				INFOPLIST_FILE = ExchangeOgramTests/Info.plist;
				LD_RUNPATH_SEARCH_PATHS = "$(inherited) @executable_path/Frameworks @loader_path/Frameworks";
				PRODUCT_NAME = "$(TARGET_NAME)";
				TEST_HOST = "$(BUILT_PRODUCTS_DIR)/ExchangeOgram.app/ExchangeOgram";
			};
			name = Debug;
		};
		2230E1901A26C74600542052 /* Release */ = {
			isa = XCBuildConfiguration;
			buildSettings = {
				BUNDLE_LOADER = "$(TEST_HOST)";
				FRAMEWORK_SEARCH_PATHS = (
					"$(SDKROOT)/Developer/Library/Frameworks",
					"$(inherited)",
				);
				INFOPLIST_FILE = ExchangeOgramTests/Info.plist;
				LD_RUNPATH_SEARCH_PATHS = "$(inherited) @executable_path/Frameworks @loader_path/Frameworks";
				PRODUCT_NAME = "$(TARGET_NAME)";
				TEST_HOST = "$(BUILT_PRODUCTS_DIR)/ExchangeOgram.app/ExchangeOgram";
			};
			name = Release;
		};
/* End XCBuildConfiguration section */

/* Begin XCConfigurationList section */
		2230E1651A26C74600542052 /* Build configuration list for PBXProject "ExchangeOgram" */ = {
			isa = XCConfigurationList;
			buildConfigurations = (
				2230E1891A26C74600542052 /* Debug */,
				2230E18A1A26C74600542052 /* Release */,
			);
			defaultConfigurationIsVisible = 0;
			defaultConfigurationName = Release;
		};
		2230E18B1A26C74600542052 /* Build configuration list for PBXNativeTarget "ExchangeOgram" */ = {
			isa = XCConfigurationList;
			buildConfigurations = (
				2230E18C1A26C74600542052 /* Debug */,
				2230E18D1A26C74600542052 /* Release */,
			);
			defaultConfigurationIsVisible = 0;
			defaultConfigurationName = Release;
		};
		2230E18E1A26C74600542052 /* Build configuration list for PBXNativeTarget "ExchangeOgramTests" */ = {
			isa = XCConfigurationList;
			buildConfigurations = (
				2230E18F1A26C74600542052 /* Debug */,
				2230E1901A26C74600542052 /* Release */,
			);
			defaultConfigurationIsVisible = 0;
			defaultConfigurationName = Release;
		};
/* End XCConfigurationList section */
	};
	rootObject = 2230E1621A26C74600542052 /* Project object */;
}
